// !$*UTF8*$!
{
	archiveVersion = 1;
	classes = {
	};
	objectVersion = 56;
	objects = {

/* Begin PBXBuildFile section */
		71B5A5C128D5328F005EA20C /* FeedViewController.swift in Sources */ = {isa = PBXBuildFile; fileRef = 71B5A5C028D5328F005EA20C /* FeedViewController.swift */; };
		71B5A5C328D532A6005EA20C /* UploadViewController.swift in Sources */ = {isa = PBXBuildFile; fileRef = 71B5A5C228D532A6005EA20C /* UploadViewController.swift */; };
		71B5A5C528D532B8005EA20C /* SettingsViewController.swift in Sources */ = {isa = PBXBuildFile; fileRef = 71B5A5C428D532B8005EA20C /* SettingsViewController.swift */; };
		71BC4F5028D5283A00FC64DD /* FirebaseAnalytics in Frameworks */ = {isa = PBXBuildFile; productRef = 71BC4F4F28D5283A00FC64DD /* FirebaseAnalytics */; };
		71BC4F5228D5283A00FC64DD /* FirebaseAuth in Frameworks */ = {isa = PBXBuildFile; productRef = 71BC4F5128D5283A00FC64DD /* FirebaseAuth */; };
		71BC4F5428D5283A00FC64DD /* FirebaseFirestore in Frameworks */ = {isa = PBXBuildFile; productRef = 71BC4F5328D5283A00FC64DD /* FirebaseFirestore */; };
		71BC4F5628D5283A00FC64DD /* FirebaseStorage in Frameworks */ = {isa = PBXBuildFile; productRef = 71BC4F5528D5283A00FC64DD /* FirebaseStorage */; };
		71E8BE8828D607FC0012B64C /* FeedCell.swift in Sources */ = {isa = PBXBuildFile; fileRef = 71E8BE8728D607FC0012B64C /* FeedCell.swift */; };
		71E8BE8B28D622110012B64C /* SDWebImage in Frameworks */ = {isa = PBXBuildFile; productRef = 71E8BE8A28D622110012B64C /* SDWebImage */; };
		71EC267728D3A88D00D02C49 /* AppDelegate.swift in Sources */ = {isa = PBXBuildFile; fileRef = 71EC267628D3A88D00D02C49 /* AppDelegate.swift */; };
		71EC267928D3A88D00D02C49 /* SceneDelegate.swift in Sources */ = {isa = PBXBuildFile; fileRef = 71EC267828D3A88D00D02C49 /* SceneDelegate.swift */; };
		71EC267B28D3A88D00D02C49 /* ViewController.swift in Sources */ = {isa = PBXBuildFile; fileRef = 71EC267A28D3A88D00D02C49 /* ViewController.swift */; };
		71EC267E28D3A88D00D02C49 /* Main.storyboard in Resources */ = {isa = PBXBuildFile; fileRef = 71EC267C28D3A88D00D02C49 /* Main.storyboard */; };
		71EC268028D3A88E00D02C49 /* Assets.xcassets in Resources */ = {isa = PBXBuildFile; fileRef = 71EC267F28D3A88E00D02C49 /* Assets.xcassets */; };
		71EC268328D3A88E00D02C49 /* LaunchScreen.storyboard in Resources */ = {isa = PBXBuildFile; fileRef = 71EC268128D3A88E00D02C49 /* LaunchScreen.storyboard */; };
		71EC268B28D3AB2500D02C49 /* GoogleService-Info.plist in Resources */ = {isa = PBXBuildFile; fileRef = 71EC268A28D3AB2500D02C49 /* GoogleService-Info.plist */; };
/* End PBXBuildFile section */

/* Begin PBXFileReference section */
		71B5A5C028D5328F005EA20C /* FeedViewController.swift */ = {isa = PBXFileReference; lastKnownFileType = sourcecode.swift; path = FeedViewController.swift; sourceTree = "<group>"; };
		71B5A5C228D532A6005EA20C /* UploadViewController.swift */ = {isa = PBXFileReference; lastKnownFileType = sourcecode.swift; path = UploadViewController.swift; sourceTree = "<group>"; };
		71B5A5C428D532B8005EA20C /* SettingsViewController.swift */ = {isa = PBXFileReference; lastKnownFileType = sourcecode.swift; path = SettingsViewController.swift; sourceTree = "<group>"; };
		71E8BE8728D607FC0012B64C /* FeedCell.swift */ = {isa = PBXFileReference; lastKnownFileType = sourcecode.swift; path = FeedCell.swift; sourceTree = "<group>"; };
		71EC267328D3A88D00D02C49 /* instaDejko.app */ = {isa = PBXFileReference; explicitFileType = wrapper.application; includeInIndex = 0; path = instaDejko.app; sourceTree = BUILT_PRODUCTS_DIR; };
		71EC267628D3A88D00D02C49 /* AppDelegate.swift */ = {isa = PBXFileReference; lastKnownFileType = sourcecode.swift; path = AppDelegate.swift; sourceTree = "<group>"; };
		71EC267828D3A88D00D02C49 /* SceneDelegate.swift */ = {isa = PBXFileReference; lastKnownFileType = sourcecode.swift; path = SceneDelegate.swift; sourceTree = "<group>"; };
		71EC267A28D3A88D00D02C49 /* ViewController.swift */ = {isa = PBXFileReference; lastKnownFileType = sourcecode.swift; path = ViewController.swift; sourceTree = "<group>"; };
		71EC267D28D3A88D00D02C49 /* Base */ = {isa = PBXFileReference; lastKnownFileType = file.storyboard; name = Base; path = Base.lproj/Main.storyboard; sourceTree = "<group>"; };
		71EC267F28D3A88E00D02C49 /* Assets.xcassets */ = {isa = PBXFileReference; lastKnownFileType = folder.assetcatalog; path = Assets.xcassets; sourceTree = "<group>"; };
		71EC268228D3A88E00D02C49 /* Base */ = {isa = PBXFileReference; lastKnownFileType = file.storyboard; name = Base; path = Base.lproj/LaunchScreen.storyboard; sourceTree = "<group>"; };
		71EC268428D3A88E00D02C49 /* Info.plist */ = {isa = PBXFileReference; lastKnownFileType = text.plist.xml; path = Info.plist; sourceTree = "<group>"; };
		71EC268A28D3AB2500D02C49 /* GoogleService-Info.plist */ = {isa = PBXFileReference; fileEncoding = 4; lastKnownFileType = text.plist.xml; path = "GoogleService-Info.plist"; sourceTree = "<group>"; };
/* End PBXFileReference section */

/* Begin PBXFrameworksBuildPhase section */
		71EC267028D3A88D00D02C49 /* Frameworks */ = {
			isa = PBXFrameworksBuildPhase;
			buildActionMask = 2147483647;
			files = (
				71BC4F5028D5283A00FC64DD /* FirebaseAnalytics in Frameworks */,
				71BC4F5628D5283A00FC64DD /* FirebaseStorage in Frameworks */,
				71BC4F5228D5283A00FC64DD /* FirebaseAuth in Frameworks */,
				71BC4F5428D5283A00FC64DD /* FirebaseFirestore in Frameworks */,
				71E8BE8B28D622110012B64C /* SDWebImage in Frameworks */,
			);
			runOnlyForDeploymentPostprocessing = 0;
		};
/* End PBXFrameworksBuildPhase section */

/* Begin PBXGroup section */
		71EC266A28D3A88D00D02C49 = {
			isa = PBXGroup;
			children = (
				71EC267528D3A88D00D02C49 /* instaDejko */,
				71EC267428D3A88D00D02C49 /* Products */,
			);
			sourceTree = "<group>";
		};
		71EC267428D3A88D00D02C49 /* Products */ = {
			isa = PBXGroup;
			children = (
				71EC267328D3A88D00D02C49 /* instaDejko.app */,
			);
			name = Products;
			sourceTree = "<group>";
		};
		71EC267528D3A88D00D02C49 /* instaDejko */ = {
			isa = PBXGroup;
			children = (
				71EC267628D3A88D00D02C49 /* AppDelegate.swift */,
				71EC267828D3A88D00D02C49 /* SceneDelegate.swift */,
				71EC267A28D3A88D00D02C49 /* ViewController.swift */,
				71B5A5C028D5328F005EA20C /* FeedViewController.swift */,
				71E8BE8728D607FC0012B64C /* FeedCell.swift */,
				71B5A5C228D532A6005EA20C /* UploadViewController.swift */,
				71B5A5C428D532B8005EA20C /* SettingsViewController.swift */,
				71EC267C28D3A88D00D02C49 /* Main.storyboard */,
				71EC267F28D3A88E00D02C49 /* Assets.xcassets */,
				71EC268128D3A88E00D02C49 /* LaunchScreen.storyboard */,
				71EC268428D3A88E00D02C49 /* Info.plist */,
				71EC268A28D3AB2500D02C49 /* GoogleService-Info.plist */,
			);
			path = instaDejko;
			sourceTree = "<group>";
		};
/* End PBXGroup section */

/* Begin PBXNativeTarget section */
		71EC267228D3A88D00D02C49 /* instaDejko */ = {
			isa = PBXNativeTarget;
			buildConfigurationList = 71EC268728D3A88E00D02C49 /* Build configuration list for PBXNativeTarget "instaDejko" */;
			buildPhases = (
				71EC266F28D3A88D00D02C49 /* Sources */,
				71EC267028D3A88D00D02C49 /* Frameworks */,
				71EC267128D3A88D00D02C49 /* Resources */,
			);
			buildRules = (
			);
			dependencies = (
			);
			name = instaDejko;
			packageProductDependencies = (
				71BC4F4F28D5283A00FC64DD /* FirebaseAnalytics */,
				71BC4F5128D5283A00FC64DD /* FirebaseAuth */,
				71BC4F5328D5283A00FC64DD /* FirebaseFirestore */,
				71BC4F5528D5283A00FC64DD /* FirebaseStorage */,
				71E8BE8A28D622110012B64C /* SDWebImage */,
			);
			productName = instaDejko;
			productReference = 71EC267328D3A88D00D02C49 /* instaDejko.app */;
			productType = "com.apple.product-type.application";
		};
/* End PBXNativeTarget section */

/* Begin PBXProject section */
		71EC266B28D3A88D00D02C49 /* Project object */ = {
			isa = PBXProject;
			attributes = {
				BuildIndependentTargetsInParallel = 1;
				LastSwiftUpdateCheck = 1400;
				LastUpgradeCheck = 1400;
				TargetAttributes = {
					71EC267228D3A88D00D02C49 = {
						CreatedOnToolsVersion = 14.0;
					};
				};
			};
			buildConfigurationList = 71EC266E28D3A88D00D02C49 /* Build configuration list for PBXProject "instaDejko" */;
			compatibilityVersion = "Xcode 14.0";
			developmentRegion = en;
			hasScannedForEncodings = 0;
			knownRegions = (
				en,
				Base,
			);
			mainGroup = 71EC266A28D3A88D00D02C49;
			packageReferences = (
				71BC4F4E28D5283A00FC64DD /* XCRemoteSwiftPackageReference "firebase-ios-sdk" */,
				71E8BE8928D622110012B64C /* XCRemoteSwiftPackageReference "SDWebImage" */,
			);
			productRefGroup = 71EC267428D3A88D00D02C49 /* Products */;
			projectDirPath = "";
			projectRoot = "";
			targets = (
				71EC267228D3A88D00D02C49 /* instaDejko */,
			);
		};
/* End PBXProject section */

/* Begin PBXResourcesBuildPhase section */
		71EC267128D3A88D00D02C49 /* Resources */ = {
			isa = PBXResourcesBuildPhase;
			buildActionMask = 2147483647;
			files = (
				71EC268328D3A88E00D02C49 /* LaunchScreen.storyboard in Resources */,
				71EC268B28D3AB2500D02C49 /* GoogleService-Info.plist in Resources */,
				71EC268028D3A88E00D02C49 /* Assets.xcassets in Resources */,
				71EC267E28D3A88D00D02C49 /* Main.storyboard in Resources */,
			);
			runOnlyForDeploymentPostprocessing = 0;
		};
/* End PBXResourcesBuildPhase section */

/* Begin PBXSourcesBuildPhase section */
		71EC266F28D3A88D00D02C49 /* Sources */ = {
			isa = PBXSourcesBuildPhase;
			buildActionMask = 2147483647;
			files = (
				71E8BE8828D607FC0012B64C /* FeedCell.swift in Sources */,
				71EC267B28D3A88D00D02C49 /* ViewController.swift in Sources */,
				71B5A5C328D532A6005EA20C /* UploadViewController.swift in Sources */,
				71EC267728D3A88D00D02C49 /* AppDelegate.swift in Sources */,
				71B5A5C128D5328F005EA20C /* FeedViewController.swift in Sources */,
				71EC267928D3A88D00D02C49 /* SceneDelegate.swift in Sources */,
				71B5A5C528D532B8005EA20C /* SettingsViewController.swift in Sources */,
			);
			runOnlyForDeploymentPostprocessing = 0;
		};
/* End PBXSourcesBuildPhase section */

/* Begin PBXVariantGroup section */
		71EC267C28D3A88D00D02C49 /* Main.storyboard */ = {
			isa = PBXVariantGroup;
			children = (
				71EC267D28D3A88D00D02C49 /* Base */,
			);
			name = Main.storyboard;
			sourceTree = "<group>";
		};
		71EC268128D3A88E00D02C49 /* LaunchScreen.storyboard */ = {
			isa = PBXVariantGroup;
			children = (
				71EC268228D3A88E00D02C49 /* Base */,
			);
			name = LaunchScreen.storyboard;
			sourceTree = "<group>";
		};
/* End PBXVariantGroup section */

/* Begin XCBuildConfiguration section */
		71EC268528D3A88E00D02C49 /* Debug */ = {
			isa = XCBuildConfiguration;
			buildSettings = {
				ALWAYS_SEARCH_USER_PATHS = NO;
				CLANG_ANALYZER_NONNULL = YES;
				CLANG_ANALYZER_NUMBER_OBJECT_CONVERSION = YES_AGGRESSIVE;
				CLANG_CXX_LANGUAGE_STANDARD = "gnu++20";
				CLANG_ENABLE_MODULES = YES;
				CLANG_ENABLE_OBJC_ARC = YES;
				CLANG_ENABLE_OBJC_WEAK = YES;
				CLANG_WARN_BLOCK_CAPTURE_AUTORELEASING = YES;
				CLANG_WARN_BOOL_CONVERSION = YES;
				CLANG_WARN_COMMA = YES;
				CLANG_WARN_CONSTANT_CONVERSION = YES;
				CLANG_WARN_DEPRECATED_OBJC_IMPLEMENTATIONS = YES;
				CLANG_WARN_DIRECT_OBJC_ISA_USAGE = YES_ERROR;
				CLANG_WARN_DOCUMENTATION_COMMENTS = YES;
				CLANG_WARN_EMPTY_BODY = YES;
				CLANG_WARN_ENUM_CONVERSION = YES;
				CLANG_WARN_INFINITE_RECURSION = YES;
				CLANG_WARN_INT_CONVERSION = YES;
				CLANG_WARN_NON_LITERAL_NULL_CONVERSION = YES;
				CLANG_WARN_OBJC_IMPLICIT_RETAIN_SELF = YES;
				CLANG_WARN_OBJC_LITERAL_CONVERSION = YES;
				CLANG_WARN_OBJC_ROOT_CLASS = YES_ERROR;
				CLANG_WARN_QUOTED_INCLUDE_IN_FRAMEWORK_HEADER = YES;
				CLANG_WARN_RANGE_LOOP_ANALYSIS = YES;
				CLANG_WARN_STRICT_PROTOTYPES = YES;
				CLANG_WARN_SUSPICIOUS_MOVE = YES;
				CLANG_WARN_UNGUARDED_AVAILABILITY = YES_AGGRESSIVE;
				CLANG_WARN_UNREACHABLE_CODE = YES;
				CLANG_WARN__DUPLICATE_METHOD_MATCH = YES;
				COPY_PHASE_STRIP = NO;
				DEBUG_INFORMATION_FORMAT = dwarf;
				ENABLE_STRICT_OBJC_MSGSEND = YES;
				ENABLE_TESTABILITY = YES;
				GCC_C_LANGUAGE_STANDARD = gnu11;
				GCC_DYNAMIC_NO_PIC = NO;
				GCC_NO_COMMON_BLOCKS = YES;
				GCC_OPTIMIZATION_LEVEL = 0;
				GCC_PREPROCESSOR_DEFINITIONS = (
					"DEBUG=1",
					"$(inherited)",
				);
				GCC_WARN_64_TO_32_BIT_CONVERSION = YES;
				GCC_WARN_ABOUT_RETURN_TYPE = YES_ERROR;
				GCC_WARN_UNDECLARED_SELECTOR = YES;
				GCC_WARN_UNINITIALIZED_AUTOS = YES_AGGRESSIVE;
				GCC_WARN_UNUSED_FUNCTION = YES;
				GCC_WARN_UNUSED_VARIABLE = YES;
				IPHONEOS_DEPLOYMENT_TARGET = 16.0;
				MTL_ENABLE_DEBUG_INFO = INCLUDE_SOURCE;
				MTL_FAST_MATH = YES;
				ONLY_ACTIVE_ARCH = YES;
				SDKROOT = iphoneos;
				SWIFT_ACTIVE_COMPILATION_CONDITIONS = DEBUG;
				SWIFT_OPTIMIZATION_LEVEL = "-Onone";
			};
			name = Debug;
		};
		71EC268628D3A88E00D02C49 /* Release */ = {
			isa = XCBuildConfiguration;
			buildSettings = {
				ALWAYS_SEARCH_USER_PATHS = NO;
				CLANG_ANALYZER_NONNULL = YES;
				CLANG_ANALYZER_NUMBER_OBJECT_CONVERSION = YES_AGGRESSIVE;
				CLANG_CXX_LANGUAGE_STANDARD = "gnu++20";
				CLANG_ENABLE_MODULES = YES;
				CLANG_ENABLE_OBJC_ARC = YES;
				CLANG_ENABLE_OBJC_WEAK = YES;
				CLANG_WARN_BLOCK_CAPTURE_AUTORELEASING = YES;
				CLANG_WARN_BOOL_CONVERSION = YES;
				CLANG_WARN_COMMA = YES;
				CLANG_WARN_CONSTANT_CONVERSION = YES;
				CLANG_WARN_DEPRECATED_OBJC_IMPLEMENTATIONS = YES;
				CLANG_WARN_DIRECT_OBJC_ISA_USAGE = YES_ERROR;
				CLANG_WARN_DOCUMENTATION_COMMENTS = YES;
				CLANG_WARN_EMPTY_BODY = YES;
				CLANG_WARN_ENUM_CONVERSION = YES;
				CLANG_WARN_INFINITE_RECURSION = YES;
				CLANG_WARN_INT_CONVERSION = YES;
				CLANG_WARN_NON_LITERAL_NULL_CONVERSION = YES;
				CLANG_WARN_OBJC_IMPLICIT_RETAIN_SELF = YES;
				CLANG_WARN_OBJC_LITERAL_CONVERSION = YES;
				CLANG_WARN_OBJC_ROOT_CLASS = YES_ERROR;
				CLANG_WARN_QUOTED_INCLUDE_IN_FRAMEWORK_HEADER = YES;
				CLANG_WARN_RANGE_LOOP_ANALYSIS = YES;
				CLANG_WARN_STRICT_PROTOTYPES = YES;
				CLANG_WARN_SUSPICIOUS_MOVE = YES;
				CLANG_WARN_UNGUARDED_AVAILABILITY = YES_AGGRESSIVE;
				CLANG_WARN_UNREACHABLE_CODE = YES;
				CLANG_WARN__DUPLICATE_METHOD_MATCH = YES;
				COPY_PHASE_STRIP = NO;
				DEBUG_INFORMATION_FORMAT = "dwarf-with-dsym";
				ENABLE_NS_ASSERTIONS = NO;
				ENABLE_STRICT_OBJC_MSGSEND = YES;
				GCC_C_LANGUAGE_STANDARD = gnu11;
				GCC_NO_COMMON_BLOCKS = YES;
				GCC_WARN_64_TO_32_BIT_CONVERSION = YES;
				GCC_WARN_ABOUT_RETURN_TYPE = YES_ERROR;
				GCC_WARN_UNDECLARED_SELECTOR = YES;
				GCC_WARN_UNINITIALIZED_AUTOS = YES_AGGRESSIVE;
				GCC_WARN_UNUSED_FUNCTION = YES;
				GCC_WARN_UNUSED_VARIABLE = YES;
				IPHONEOS_DEPLOYMENT_TARGET = 16.0;
				MTL_ENABLE_DEBUG_INFO = NO;
				MTL_FAST_MATH = YES;
				SDKROOT = iphoneos;
				SWIFT_COMPILATION_MODE = wholemodule;
				SWIFT_OPTIMIZATION_LEVEL = "-O";
				VALIDATE_PRODUCT = YES;
			};
			name = Release;
		};
		71EC268828D3A88E00D02C49 /* Debug */ = {
			isa = XCBuildConfiguration;
			buildSettings = {
				ASSETCATALOG_COMPILER_APPICON_NAME = AppIcon;
				ASSETCATALOG_COMPILER_GLOBAL_ACCENT_COLOR_NAME = AccentColor;
				CODE_SIGN_STYLE = Automatic;
				CURRENT_PROJECT_VERSION = 1;
				DEVELOPMENT_TEAM = R4U22JU8U3;
				GENERATE_INFOPLIST_FILE = YES;
				INFOPLIST_FILE = instaDejko/Info.plist;
				INFOPLIST_KEY_UIApplicationSupportsIndirectInputEvents = YES;
				INFOPLIST_KEY_UILaunchStoryboardName = LaunchScreen;
				INFOPLIST_KEY_UIMainStoryboardFile = Main;
				INFOPLIST_KEY_UISupportedInterfaceOrientations_iPad = "UIInterfaceOrientationPortrait UIInterfaceOrientationPortraitUpsideDown UIInterfaceOrientationLandscapeLeft UIInterfaceOrientationLandscapeRight";
				INFOPLIST_KEY_UISupportedInterfaceOrientations_iPhone = "UIInterfaceOrientationPortrait UIInterfaceOrientationLandscapeLeft UIInterfaceOrientationLandscapeRight";
				IPHONEOS_DEPLOYMENT_TARGET = 16.0;
				LD_RUNPATH_SEARCH_PATHS = (
					"$(inherited)",
					"@executable_path/Frameworks",
				);
				MARKETING_VERSION = 1.0;
				PRODUCT_BUNDLE_IDENTIFIER = com.dejkoveci.instaDejko;
				PRODUCT_NAME = "$(TARGET_NAME)";
				SWIFT_EMIT_LOC_STRINGS = YES;
				SWIFT_VERSION = 5.0;
				TARGETED_DEVICE_FAMILY = "1,2";
			};
			name = Debug;
		};
		71EC268928D3A88E00D02C49 /* Release */ = {
			isa = XCBuildConfiguration;
			buildSettings = {
				ASSETCATALOG_COMPILER_APPICON_NAME = AppIcon;
				ASSETCATALOG_COMPILER_GLOBAL_ACCENT_COLOR_NAME = AccentColor;
				CODE_SIGN_STYLE = Automatic;
				CURRENT_PROJECT_VERSION = 1;
				DEVELOPMENT_TEAM = R4U22JU8U3;
				GENERATE_INFOPLIST_FILE = YES;
				INFOPLIST_FILE = instaDejko/Info.plist;
				INFOPLIST_KEY_UIApplicationSupportsIndirectInputEvents = YES;
				INFOPLIST_KEY_UILaunchStoryboardName = LaunchScreen;
				INFOPLIST_KEY_UIMainStoryboardFile = Main;
				INFOPLIST_KEY_UISupportedInterfaceOrientations_iPad = "UIInterfaceOrientationPortrait UIInterfaceOrientationPortraitUpsideDown UIInterfaceOrientationLandscapeLeft UIInterfaceOrientationLandscapeRight";
				INFOPLIST_KEY_UISupportedInterfaceOrientations_iPhone = "UIInterfaceOrientationPortrait UIInterfaceOrientationLandscapeLeft UIInterfaceOrientationLandscapeRight";
				IPHONEOS_DEPLOYMENT_TARGET = 16.0;
				LD_RUNPATH_SEARCH_PATHS = (
					"$(inherited)",
					"@executable_path/Frameworks",
				);
				MARKETING_VERSION = 1.0;
				PRODUCT_BUNDLE_IDENTIFIER = com.dejkoveci.instaDejko;
				PRODUCT_NAME = "$(TARGET_NAME)";
				SWIFT_EMIT_LOC_STRINGS = YES;
				SWIFT_VERSION = 5.0;
				TARGETED_DEVICE_FAMILY = "1,2";
			};
			name = Release;
		};
/* End XCBuildConfiguration section */

/* Begin XCConfigurationList section */
		71EC266E28D3A88D00D02C49 /* Build configuration list for PBXProject "instaDejko" */ = {
			isa = XCConfigurationList;
			buildConfigurations = (
				71EC268528D3A88E00D02C49 /* Debug */,
				71EC268628D3A88E00D02C49 /* Release */,
			);
			defaultConfigurationIsVisible = 0;
			defaultConfigurationName = Release;
		};
		71EC268728D3A88E00D02C49 /* Build configuration list for PBXNativeTarget "instaDejko" */ = {
			isa = XCConfigurationList;
			buildConfigurations = (
				71EC268828D3A88E00D02C49 /* Debug */,
				71EC268928D3A88E00D02C49 /* Release */,
			);
			defaultConfigurationIsVisible = 0;
			defaultConfigurationName = Release;
		};
/* End XCConfigurationList section */

/* Begin XCRemoteSwiftPackageReference section */
		71BC4F4E28D5283A00FC64DD /* XCRemoteSwiftPackageReference "firebase-ios-sdk" */ = {
			isa = XCRemoteSwiftPackageReference;
			repositoryURL = "https://github.com/firebase/firebase-ios-sdk.git";
			requirement = {
				kind = upToNextMajorVersion;
				minimumVersion = 9.0.0;
			};
		};
		71E8BE8928D622110012B64C /* XCRemoteSwiftPackageReference "SDWebImage" */ = {
			isa = XCRemoteSwiftPackageReference;
			repositoryURL = "https://github.com/SDWebImage/SDWebImage";
			requirement = {
				kind = upToNextMajorVersion;
				minimumVersion = 5.0.0;
			};
		};
/* End XCRemoteSwiftPackageReference section */

/* Begin XCSwiftPackageProductDependency section */
		71BC4F4F28D5283A00FC64DD /* FirebaseAnalytics */ = {
			isa = XCSwiftPackageProductDependency;
			package = 71BC4F4E28D5283A00FC64DD /* XCRemoteSwiftPackageReference "firebase-ios-sdk" */;
			productName = FirebaseAnalytics;
		};
		71BC4F5128D5283A00FC64DD /* FirebaseAuth */ = {
			isa = XCSwiftPackageProductDependency;
			package = 71BC4F4E28D5283A00FC64DD /* XCRemoteSwiftPackageReference "firebase-ios-sdk" */;
			productName = FirebaseAuth;
		};
		71BC4F5328D5283A00FC64DD /* FirebaseFirestore */ = {
			isa = XCSwiftPackageProductDependency;
			package = 71BC4F4E28D5283A00FC64DD /* XCRemoteSwiftPackageReference "firebase-ios-sdk" */;
			productName = FirebaseFirestore;
		};
		71BC4F5528D5283A00FC64DD /* FirebaseStorage */ = {
			isa = XCSwiftPackageProductDependency;
			package = 71BC4F4E28D5283A00FC64DD /* XCRemoteSwiftPackageReference "firebase-ios-sdk" */;
			productName = FirebaseStorage;
		};
		71E8BE8A28D622110012B64C /* SDWebImage */ = {
			isa = XCSwiftPackageProductDependency;
			package = 71E8BE8928D622110012B64C /* XCRemoteSwiftPackageReference "SDWebImage" */;
			productName = SDWebImage;
		};
/* End XCSwiftPackageProductDependency section */
	};
	rootObject = 71EC266B28D3A88D00D02C49 /* Project object */;
}
